
Microsoft Visual Studio Solution File, Format Version 12.00
# Visual Studio Version 16
VisualStudioVersion = 16.0.34601.136
MinimumVisualStudioVersion = 10.0.40219.1
Project("{FAE04EC0-301F-11D3-BF4B-00C04F79EFBC}") = "WebApplication6", "WebApplication6.csproj", "{FEA1384F-C160-4598-A6E6-E2EB2EF9FB5A}"
EndProject
Global
	GlobalSection(SolutionConfigurationPlatforms) = preSolution
		Debug|Any CPU = Debug|Any CPU
		Release|Any CPU = Release|Any CPU
	EndGlobalSection
	GlobalSection(ProjectConfigurationPlatforms) = postSolution
		{FEA1384F-C160-4598-A6E6-E2EB2EF9FB5A}.Debug|Any CPU.ActiveCfg = Debug|Any CPU
		{FEA1384F-C160-4598-A6E6-E2EB2EF9FB5A}.Debug|Any CPU.Build.0 = Debug|Any CPU
		{FEA1384F-C160-4598-A6E6-E2EB2EF9FB5A}.Release|Any CPU.ActiveCfg = Release|Any CPU
		{FEA1384F-C160-4598-A6E6-E2EB2EF9FB5A}.Release|Any CPU.Build.0 = Release|Any CPU
	EndGlobalSection
	GlobalSection(SolutionProperties) = preSolution
		HideSolutionNode = FALSE
	EndGlobalSection
	GlobalSection(ExtensibilityGlobals) = postSolution
		SolutionGuid = {BF422F10-5075-4648-A174-98CB09694A64}
	EndGlobalSection
EndGlobal
