
Microsoft Visual Studio Solution File, Format Version 12.00
# Visual Studio Version 16
VisualStudioVersion = 16.0.34601.136
MinimumVisualStudioVersion = 10.0.40219.1
Project("{FAE04EC0-301F-11D3-BF4B-00C04F79EFBC}") = "WebApplication10", "WebApplication10.csproj", "{77F97594-CF71-46F7-B41A-0F94E4AEB614}"
EndProject
Global
	GlobalSection(SolutionConfigurationPlatforms) = preSolution
		Debug|Any CPU = Debug|Any CPU
		Release|Any CPU = Release|Any CPU
	EndGlobalSection
	GlobalSection(ProjectConfigurationPlatforms) = postSolution
		{77F97594-CF71-46F7-B41A-0F94E4AEB614}.Debug|Any CPU.ActiveCfg = Debug|Any CPU
		{77F97594-CF71-46F7-B41A-0F94E4AEB614}.Debug|Any CPU.Build.0 = Debug|Any CPU
		{77F97594-CF71-46F7-B41A-0F94E4AEB614}.Release|Any CPU.ActiveCfg = Release|Any CPU
		{77F97594-CF71-46F7-B41A-0F94E4AEB614}.Release|Any CPU.Build.0 = Release|Any CPU
	EndGlobalSection
	GlobalSection(SolutionProperties) = preSolution
		HideSolutionNode = FALSE
	EndGlobalSection
	GlobalSection(ExtensibilityGlobals) = postSolution
		SolutionGuid = {DF6AE9AC-C394-48EB-801C-31829807169D}
	EndGlobalSection
EndGlobal
