
Microsoft Visual Studio Solution File, Format Version 12.00
# Visual Studio Version 16
VisualStudioVersion = 16.0.34601.136
MinimumVisualStudioVersion = 10.0.40219.1
Project("{FAE04EC0-301F-11D3-BF4B-00C04F79EFBC}") = "WebApplication10tutorial", "WebApplication10tutorial.csproj", "{94656232-E033-48CD-9BD4-F26EE4BF2453}"
EndProject
Global
	GlobalSection(SolutionConfigurationPlatforms) = preSolution
		Debug|Any CPU = Debug|Any CPU
		Release|Any CPU = Release|Any CPU
	EndGlobalSection
	GlobalSection(ProjectConfigurationPlatforms) = postSolution
		{94656232-E033-48CD-9BD4-F26EE4BF2453}.Debug|Any CPU.ActiveCfg = Debug|Any CPU
		{94656232-E033-48CD-9BD4-F26EE4BF2453}.Debug|Any CPU.Build.0 = Debug|Any CPU
		{94656232-E033-48CD-9BD4-F26EE4BF2453}.Release|Any CPU.ActiveCfg = Release|Any CPU
		{94656232-E033-48CD-9BD4-F26EE4BF2453}.Release|Any CPU.Build.0 = Release|Any CPU
	EndGlobalSection
	GlobalSection(SolutionProperties) = preSolution
		HideSolutionNode = FALSE
	EndGlobalSection
	GlobalSection(ExtensibilityGlobals) = postSolution
		SolutionGuid = {6EA412CB-115A-4F39-AFB6-C7A3082F37F9}
	EndGlobalSection
EndGlobal
